// !$*UTF8*$!
{
	archiveVersion = 1;
	classes = {
	};
	objectVersion = 56;
	objects = {

/* Begin PBXBuildFile section */
		2169F4042F88446C00955333 /* NotificationService.swift in Sources */ = {isa = PBXBuildFile; fileRef = 2169F3FF2F88446C00955333 /* NotificationService.swift */; };
		21B038302FA40D4200BE40DA /* Assets.xcassets in Resources */ = {isa = PBXBuildFile; fileRef = 21B0382F2FA40D4200BE40DA /* Assets.xcassets */; };
		AA000001 /* LexPostAIApp.swift in Sources */ = {isa = PBXBuildFile; fileRef = AA100001 /* LexPostAIApp.swift */; };
		AA000002 /* ContentView.swift in Sources */ = {isa = PBXBuildFile; fileRef = AA100002 /* ContentView.swift */; };
		AA000003 /* LegalUpdate.swift in Sources */ = {isa = PBXBuildFile; fileRef = AA100003 /* LegalUpdate.swift */; };
		AA000004 /* Template.swift in Sources */ = {isa = PBXBuildFile; fileRef = AA100004 /* Template.swift */; };
		AA000005 /* APIClient.swift in Sources */ = {isa = PBXBuildFile; fileRef = AA100005 /* APIClient.swift */; };
		AA000006 /* GazetteService.swift in Sources */ = {isa = PBXBuildFile; fileRef = AA100006 /* GazetteService.swift */; };
		AA000007 /* PostService.swift in Sources */ = {isa = PBXBuildFile; fileRef = AA100007 /* PostService.swift */; };
		AA000008 /* DashboardViewModel.swift in Sources */ = {isa = PBXBuildFile; fileRef = AA100008 /* DashboardViewModel.swift */; };
		AA000009 /* DashboardView.swift in Sources */ = {isa = PBXBuildFile; fileRef = AA100009 /* DashboardView.swift */; };
		AA000010 /* UpdateDetailView.swift in Sources */ = {isa = PBXBuildFile; fileRef = AA100010 /* UpdateDetailView.swift */; };
		AA000011 /* PostEditorViewModel.swift in Sources */ = {isa = PBXBuildFile; fileRef = AA100011 /* PostEditorViewModel.swift */; };
		AA000012 /* PostEditorView.swift in Sources */ = {isa = PBXBuildFile; fileRef = AA100012 /* PostEditorView.swift */; };
		AA000013 /* GeneratedPostView.swift in Sources */ = {isa = PBXBuildFile; fileRef = AA100013 /* GeneratedPostView.swift */; };
		AA000014 /* SettingsViewModel.swift in Sources */ = {isa = PBXBuildFile; fileRef = AA100014 /* SettingsViewModel.swift */; };
		AA000015 /* SettingsView.swift in Sources */ = {isa = PBXBuildFile; fileRef = AA100015 /* SettingsView.swift */; };
		AA000016 /* UserImageStore.swift in Sources */ = {isa = PBXBuildFile; fileRef = AA100016 /* UserImageStore.swift */; };
		AA000017 /* ManualPostEditorView.swift in Sources */ = {isa = PBXBuildFile; fileRef = AA100017 /* ManualPostEditorView.swift */; };
		AA000020 /* OnboardingView.swift in Sources */ = {isa = PBXBuildFile; fileRef = AA100020 /* OnboardingView.swift */; };
		AA000021 /* DashboardViewNew.swift in Sources */ = {isa = PBXBuildFile; fileRef = AA100021 /* DashboardViewNew.swift */; };
		AA000022 /* UpdateDetailViewNew.swift in Sources */ = {isa = PBXBuildFile; fileRef = AA100022 /* UpdateDetailViewNew.swift */; };
		AA000023 /* PremiumService.swift in Sources */ = {isa = PBXBuildFile; fileRef = AA100023 /* PremiumService.swift */; };
		AA000024 /* PremiumPaywallView.swift in Sources */ = {isa = PBXBuildFile; fileRef = AA100024 /* PremiumPaywallView.swift */; };
/* End PBXBuildFile section */

/* Begin PBXFileReference section */
		2169F3FD2F75E83D00955333 /* Info.plist */ = {isa = PBXFileReference; lastKnownFileType = text.plist; path = Info.plist; sourceTree = "<group>"; };
		2169F3FF2F88446C00955333 /* NotificationService.swift */ = {isa = PBXFileReference; fileEncoding = 4; lastKnownFileType = sourcecode.swift; path = NotificationService.swift; sourceTree = "<group>"; };
		21B0382F2FA40D4200BE40DA /* Assets.xcassets */ = {isa = PBXFileReference; lastKnownFileType = folder.assetcatalog; path = Assets.xcassets; sourceTree = "<group>"; };
		AA100001 /* LexPostAIApp.swift */ = {isa = PBXFileReference; lastKnownFileType = sourcecode.swift; path = LexPostAIApp.swift; sourceTree = "<group>"; };
		AA100002 /* ContentView.swift */ = {isa = PBXFileReference; lastKnownFileType = sourcecode.swift; path = ContentView.swift; sourceTree = "<group>"; };
		AA100003 /* LegalUpdate.swift */ = {isa = PBXFileReference; lastKnownFileType = sourcecode.swift; path = LegalUpdate.swift; sourceTree = "<group>"; };
		AA100004 /* Template.swift */ = {isa = PBXFileReference; lastKnownFileType = sourcecode.swift; path = Template.swift; sourceTree = "<group>"; };
		AA100005 /* APIClient.swift */ = {isa = PBXFileReference; lastKnownFileType = sourcecode.swift; path = APIClient.swift; sourceTree = "<group>"; };
		AA100006 /* GazetteService.swift */ = {isa = PBXFileReference; lastKnownFileType = sourcecode.swift; path = GazetteService.swift; sourceTree = "<group>"; };
		AA100007 /* PostService.swift */ = {isa = PBXFileReference; lastKnownFileType = sourcecode.swift; path = PostService.swift; sourceTree = "<group>"; };
		AA100008 /* DashboardViewModel.swift */ = {isa = PBXFileReference; lastKnownFileType = sourcecode.swift; path = DashboardViewModel.swift; sourceTree = "<group>"; };
		AA100009 /* DashboardView.swift */ = {isa = PBXFileReference; lastKnownFileType = sourcecode.swift; path = DashboardView.swift; sourceTree = "<group>"; };
		AA100010 /* UpdateDetailView.swift */ = {isa = PBXFileReference; lastKnownFileType = sourcecode.swift; path = UpdateDetailView.swift; sourceTree = "<group>"; };
		AA100011 /* PostEditorViewModel.swift */ = {isa = PBXFileReference; lastKnownFileType = sourcecode.swift; path = PostEditorViewModel.swift; sourceTree = "<group>"; };
		AA100012 /* PostEditorView.swift */ = {isa = PBXFileReference; lastKnownFileType = sourcecode.swift; path = PostEditorView.swift; sourceTree = "<group>"; };
		AA100013 /* GeneratedPostView.swift */ = {isa = PBXFileReference; lastKnownFileType = sourcecode.swift; path = GeneratedPostView.swift; sourceTree = "<group>"; };
		AA100014 /* SettingsViewModel.swift */ = {isa = PBXFileReference; lastKnownFileType = sourcecode.swift; path = SettingsViewModel.swift; sourceTree = "<group>"; };
		AA100015 /* SettingsView.swift */ = {isa = PBXFileReference; lastKnownFileType = sourcecode.swift; path = SettingsView.swift; sourceTree = "<group>"; };
		AA100016 /* UserImageStore.swift */ = {isa = PBXFileReference; lastKnownFileType = sourcecode.swift; path = UserImageStore.swift; sourceTree = "<group>"; };
		AA100017 /* ManualPostEditorView.swift */ = {isa = PBXFileReference; lastKnownFileType = sourcecode.swift; path = ManualPostEditorView.swift; sourceTree = "<group>"; };
		AA100020 /* OnboardingView.swift */ = {isa = PBXFileReference; lastKnownFileType = sourcecode.swift; path = OnboardingView.swift; sourceTree = "<group>"; };
		AA100021 /* DashboardViewNew.swift */ = {isa = PBXFileReference; lastKnownFileType = sourcecode.swift; path = DashboardViewNew.swift; sourceTree = "<group>"; };
		AA100022 /* UpdateDetailViewNew.swift */ = {isa = PBXFileReference; lastKnownFileType = sourcecode.swift; path = UpdateDetailViewNew.swift; sourceTree = "<group>"; };
		AA100023 /* PremiumService.swift */ = {isa = PBXFileReference; lastKnownFileType = sourcecode.swift; path = PremiumService.swift; sourceTree = "<group>"; };
		AA100024 /* PremiumPaywallView.swift */ = {isa = PBXFileReference; lastKnownFileType = sourcecode.swift; path = PremiumPaywallView.swift; sourceTree = "<group>"; };
		AAAPP001 /* LexPostAI.app */ = {isa = PBXFileReference; explicitFileType = wrapper.application; includeInIndex = 0; path = LexPostAI.app; sourceTree = BUILT_PRODUCTS_DIR; };
/* End PBXFileReference section */

/* Begin PBXFrameworksBuildPhase section */
		AABUILD01 /* Frameworks */ = {
			isa = PBXFrameworksBuildPhase;
			buildActionMask = 2147483647;
			files = (
			);
			runOnlyForDeploymentPostprocessing = 0;
		};
/* End PBXFrameworksBuildPhase section */

/* Begin PBXGroup section */
		AAGRP0000 = {
			isa = PBXGroup;
			children = (
				AAGRP0001 /* LexPostAI */,
				AAGRP0099 /* Products */,
			);
			sourceTree = "<group>";
		};
		AAGRP0001 /* LexPostAI */ = {
			isa = PBXGroup;
			children = (
				2169F3FD2F75E83D00955333 /* Info.plist */,
				AAGRP0010 /* App */,
				AAGRP0020 /* Core */,
				AAGRP0050 /* Features */,
				21B0382F2FA40D4200BE40DA /* Assets.xcassets */,
			);
			path = LexPostAI;
			sourceTree = "<group>";
		};
		AAGRP0010 /* App */ = {
			isa = PBXGroup;
			children = (
				AA100001 /* LexPostAIApp.swift */,
				AA100002 /* ContentView.swift */,
				AA100020 /* OnboardingView.swift */,
				AA100024 /* PremiumPaywallView.swift */,
			);
			path = App;
			sourceTree = "<group>";
		};
		AAGRP0020 /* Core */ = {
			isa = PBXGroup;
			children = (
				AAGRP0021 /* Models */,
				AAGRP0022 /* Network */,
				AAGRP0023 /* Services */,
			);
			path = Core;
			sourceTree = "<group>";
		};
		AAGRP0021 /* Models */ = {
			isa = PBXGroup;
			children = (
				AA100003 /* LegalUpdate.swift */,
				AA100004 /* Template.swift */,
			);
			path = Models;
			sourceTree = "<group>";
		};
		AAGRP0022 /* Network */ = {
			isa = PBXGroup;
			children = (
				AA100005 /* APIClient.swift */,
			);
			path = Network;
			sourceTree = "<group>";
		};
		AAGRP0023 /* Services */ = {
			isa = PBXGroup;
			children = (
				AA100006 /* GazetteService.swift */,
				2169F3FF2F88446C00955333 /* NotificationService.swift */,
				AA100023 /* PremiumService.swift */,
				AA100007 /* PostService.swift */,
				AA100016 /* UserImageStore.swift */,
			);
			path = Services;
			sourceTree = "<group>";
		};
		AAGRP0050 /* Features */ = {
			isa = PBXGroup;
			children = (
				AAGRP0051 /* Dashboard */,
				AAGRP0052 /* PostEditor */,
				AAGRP0053 /* Settings */,
			);
			path = Features;
			sourceTree = "<group>";
		};
		AAGRP0051 /* Dashboard */ = {
			isa = PBXGroup;
			children = (
				AAGRP0051A /* ViewModels */,
				AAGRP0051B /* Views */,
			);
			path = Dashboard;
			sourceTree = "<group>";
		};
		AAGRP0051A /* ViewModels */ = {
			isa = PBXGroup;
			children = (
				AA100008 /* DashboardViewModel.swift */,
			);
			path = ViewModels;
			sourceTree = "<group>";
		};
		AAGRP0051B /* Views */ = {
			isa = PBXGroup;
			children = (
				AA100009 /* DashboardView.swift */,
				AA100021 /* DashboardViewNew.swift */,
				AA100010 /* UpdateDetailView.swift */,
				AA100022 /* UpdateDetailViewNew.swift */,
			);
			path = Views;
			sourceTree = "<group>";
		};
		AAGRP0052 /* PostEditor */ = {
			isa = PBXGroup;
			children = (
				AAGRP0052A /* ViewModels */,
				AAGRP0052B /* Views */,
			);
			path = PostEditor;
			sourceTree = "<group>";
		};
		AAGRP0052A /* ViewModels */ = {
			isa = PBXGroup;
			children = (
				AA100011 /* PostEditorViewModel.swift */,
			);
			path = ViewModels;
			sourceTree = "<group>";
		};
		AAGRP0052B /* Views */ = {
			isa = PBXGroup;
			children = (
				AA100012 /* PostEditorView.swift */,
				AA100013 /* GeneratedPostView.swift */,
				AA100017 /* ManualPostEditorView.swift */,
			);
			path = Views;
			sourceTree = "<group>";
		};
		AAGRP0053 /* Settings */ = {
			isa = PBXGroup;
			children = (
				AAGRP0053A /* ViewModels */,
				AAGRP0053B /* Views */,
			);
			path = Settings;
			sourceTree = "<group>";
		};
		AAGRP0053A /* ViewModels */ = {
			isa = PBXGroup;
			children = (
				AA100014 /* SettingsViewModel.swift */,
			);
			path = ViewModels;
			sourceTree = "<group>";
		};
		AAGRP0053B /* Views */ = {
			isa = PBXGroup;
			children = (
				AA100015 /* SettingsView.swift */,
			);
			path = Views;
			sourceTree = "<group>";
		};
		AAGRP0099 /* Products */ = {
			isa = PBXGroup;
			children = (
				AAAPP001 /* LexPostAI.app */,
			);
			name = Products;
			sourceTree = "<group>";
		};
/* End PBXGroup section */

/* Begin PBXNativeTarget section */
		AATARGET1 /* LexPostAI */ = {
			isa = PBXNativeTarget;
			buildConfigurationList = AACFG0001 /* Build configuration list for PBXNativeTarget "LexPostAI" */;
			buildPhases = (
				AABUILD00 /* Sources */,
				AABUILD01 /* Frameworks */,
				AABUILD02 /* Resources */,
			);
			buildRules = (
			);
			dependencies = (
			);
			name = LexPostAI;
			productName = LexPostAI;
			productReference = AAAPP001 /* LexPostAI.app */;
			productType = "com.apple.product-type.application";
		};
/* End PBXNativeTarget section */

/* Begin PBXProject section */
		AAPROJECT1 /* Project object */ = {
			isa = PBXProject;
			attributes = {
				BuildIndependentTargetsInParallel = 1;
				LastSwiftUpdateCheck = 1530;
				LastUpgradeCheck = 1530;
				TargetAttributes = {
					AATARGET1 = {
						CreatedOnToolsVersion = 15.3;
					};
				};
			};
			buildConfigurationList = AACFG0000 /* Build configuration list for PBXProject "LexPostAI" */;
			compatibilityVersion = "Xcode 14.0";
			developmentRegion = tr;
			hasScannedForEncodings = 0;
			knownRegions = (
				tr,
				en,
				Base,
			);
			mainGroup = AAGRP0000;
			productRefGroup = AAGRP0099 /* Products */;
			projectDirPath = "";
			projectRoot = "";
			targets = (
				AATARGET1 /* LexPostAI */,
			);
		};
/* End PBXProject section */

/* Begin PBXResourcesBuildPhase section */
		AABUILD02 /* Resources */ = {
			isa = PBXResourcesBuildPhase;
			buildActionMask = 2147483647;
			files = (
				21B038302FA40D4200BE40DA /* Assets.xcassets in Resources */,
			);
			runOnlyForDeploymentPostprocessing = 0;
		};
/* End PBXResourcesBuildPhase section */

/* Begin PBXSourcesBuildPhase section */
		AABUILD00 /* Sources */ = {
			isa = PBXSourcesBuildPhase;
			buildActionMask = 2147483647;
			files = (
				AA000001 /* LexPostAIApp.swift in Sources */,
				AA000002 /* ContentView.swift in Sources */,
				AA000020 /* OnboardingView.swift in Sources */,
				AA000021 /* DashboardViewNew.swift in Sources */,
				AA000022 /* UpdateDetailViewNew.swift in Sources */,
				AA000023 /* PremiumService.swift in Sources */,
				AA000024 /* PremiumPaywallView.swift in Sources */,
				AA000003 /* LegalUpdate.swift in Sources */,
				AA000004 /* Template.swift in Sources */,
				AA000005 /* APIClient.swift in Sources */,
				AA000006 /* GazetteService.swift in Sources */,
				2169F4042F88446C00955333 /* NotificationService.swift in Sources */,
				AA000007 /* PostService.swift in Sources */,
				AA000008 /* DashboardViewModel.swift in Sources */,
				AA000009 /* DashboardView.swift in Sources */,
				AA000010 /* UpdateDetailView.swift in Sources */,
				AA000011 /* PostEditorViewModel.swift in Sources */,
				AA000012 /* PostEditorView.swift in Sources */,
				AA000013 /* GeneratedPostView.swift in Sources */,
				AA000014 /* SettingsViewModel.swift in Sources */,
				AA000015 /* SettingsView.swift in Sources */,
				AA000016 /* UserImageStore.swift in Sources */,
				AA000017 /* ManualPostEditorView.swift in Sources */,
			);
			runOnlyForDeploymentPostprocessing = 0;
		};
/* End PBXSourcesBuildPhase section */

/* Begin XCBuildConfiguration section */
		AACFG0010 /* Debug */ = {
			isa = XCBuildConfiguration;
			buildSettings = {
				ALWAYS_SEARCH_USER_PATHS = NO;
				ASSETCATALOG_COMPILER_GENERATE_SWIFT_ASSET_SYMBOL_EXTENSIONS = YES;
				CLANG_ANALYZER_NONNULL = YES;
				CLANG_CXX_LANGUAGE_STANDARD = "gnu++20";
				CLANG_ENABLE_MODULES = YES;
				CLANG_ENABLE_OBJC_ARC = YES;
				CLANG_ENABLE_OBJC_WEAK = YES;
				COPY_PHASE_STRIP = NO;
				DEBUG_INFORMATION_FORMAT = dwarf;
				ENABLE_STRICT_OBJC_MSGSEND = YES;
				ENABLE_TESTABILITY = YES;
				GCC_C_LANGUAGE_STANDARD = gnu17;
				GCC_DYNAMIC_NO_PIC = NO;
				GCC_NO_COMMON_BLOCKS = YES;
				GCC_OPTIMIZATION_LEVEL = 0;
				GCC_PREPROCESSOR_DEFINITIONS = (
					"DEBUG=1",
					"$(inherited)",
				);
				MTL_ENABLE_DEBUG_INFO = INCLUDE_SOURCE;
				MTL_FAST_MATH = YES;
				ONLY_ACTIVE_ARCH = YES;
				SDKROOT = iphoneos;
				SWIFT_ACTIVE_COMPILATION_CONDITIONS = "DEBUG $(inherited)";
				SWIFT_OPTIMIZATION_LEVEL = "-Onone";
			};
			name = Debug;
		};
		AACFG0011 /* Release */ = {
			isa = XCBuildConfiguration;
			buildSettings = {
				ALWAYS_SEARCH_USER_PATHS = NO;
				ASSETCATALOG_COMPILER_GENERATE_SWIFT_ASSET_SYMBOL_EXTENSIONS = YES;
				CLANG_ANALYZER_NONNULL = YES;
				CLANG_CXX_LANGUAGE_STANDARD = "gnu++20";
				CLANG_ENABLE_MODULES = YES;
				CLANG_ENABLE_OBJC_ARC = YES;
				CLANG_ENABLE_OBJC_WEAK = YES;
				COPY_PHASE_STRIP = NO;
				DEBUG_INFORMATION_FORMAT = "dwarf-with-dsym";
				ENABLE_NS_ASSERTIONS = NO;
				ENABLE_STRICT_OBJC_MSGSEND = YES;
				GCC_C_LANGUAGE_STANDARD = gnu17;
				GCC_NO_COMMON_BLOCKS = YES;
				MTL_FAST_MATH = YES;
				SDKROOT = iphoneos;
				SWIFT_COMPILATION_MODE = wholemodule;
				SWIFT_OPTIMIZATION_LEVEL = "-O";
			};
			name = Release;
		};
		AACFG0020 /* Debug */ = {
			isa = XCBuildConfiguration;
			buildSettings = {
				ASSETCATALOG_COMPILER_APPICON_NAME = AppIcon;
				ASSETCATALOG_COMPILER_GLOBAL_ACCENT_COLOR_NAME = AccentColor;
				CODE_SIGN_ENTITLEMENTS = "";
				CODE_SIGN_IDENTITY = "Apple Development";
				CODE_SIGN_STYLE = Automatic;
				CURRENT_PROJECT_VERSION = 2;
				DEVELOPMENT_ASSET_PATHS = "";
				DEVELOPMENT_TEAM = 59PNR2D9C2;
				ENABLE_PREVIEWS = YES;
				GENERATE_INFOPLIST_FILE = YES;
				INFOPLIST_FILE = LexPostAI/Info.plist;
				INFOPLIST_KEY_LSApplicationCategoryType = "";
				INFOPLIST_KEY_NSAppTransportSecurity = "<dict><key>NSAllowsArbitraryLoads</key><true/></dict>";
				INFOPLIST_KEY_NSPhotoLibraryUsageDescription = "LexPost, sosyal medya gönderilerinize görsel ekleyebilmeniz için fotoğraf galerinize erişim iznine ihtiyaç duyar.";
				INFOPLIST_KEY_UIApplicationSupportsIndirectInputEvents = YES;
				INFOPLIST_KEY_UILaunchScreen_Generation = YES;
				INFOPLIST_KEY_UISupportedInterfaceOrientations_iPad = "UIInterfaceOrientationPortrait UIInterfaceOrientationPortraitUpsideDown UIInterfaceOrientationLandscapeLeft UIInterfaceOrientationLandscapeRight";
				INFOPLIST_KEY_UISupportedInterfaceOrientations_iPhone = "UIInterfaceOrientationPortrait UIInterfaceOrientationLandscapeLeft UIInterfaceOrientationLandscapeRight";
				IPHONEOS_DEPLOYMENT_TARGET = 17.0;
				LD_RUNPATH_SEARCH_PATHS = "@executable_path/Frameworks";
				MARKETING_VERSION = 1.1;
				PRODUCT_BUNDLE_IDENTIFIER = com.lexpost.ai;
				PRODUCT_NAME = "$(TARGET_NAME)";
				PROVISIONING_PROFILE_SPECIFIER = "";
				SDKROOT = iphoneos;
				SWIFT_EMIT_LOC_STRINGS = YES;
				SWIFT_VERSION = 5.0;
				TARGETED_DEVICE_FAMILY = "1,2";
			};
			name = Debug;
		};
		AACFG0021 /* Release */ = {
			isa = XCBuildConfiguration;
			buildSettings = {
				ASSETCATALOG_COMPILER_APPICON_NAME = AppIcon;
				ASSETCATALOG_COMPILER_GLOBAL_ACCENT_COLOR_NAME = AccentColor;
				CODE_SIGN_IDENTITY = "Apple Development";
				CODE_SIGN_STYLE = Automatic;
				CURRENT_PROJECT_VERSION = 2;
				DEVELOPMENT_ASSET_PATHS = "";
				DEVELOPMENT_TEAM = 59PNR2D9C2;
				ENABLE_PREVIEWS = YES;
				GENERATE_INFOPLIST_FILE = YES;
				INFOPLIST_FILE = LexPostAI/Info.plist;
				INFOPLIST_KEY_LSApplicationCategoryType = "";
				INFOPLIST_KEY_NSAppTransportSecurity = "<dict><key>NSAllowsArbitraryLoads</key><true/></dict>";
				INFOPLIST_KEY_NSPhotoLibraryUsageDescription = "LexPost, sosyal medya gönderilerinize görsel ekleyebilmeniz için fotoğraf galerinize erişim iznine ihtiyaç duyar.";
				INFOPLIST_KEY_UIApplicationSupportsIndirectInputEvents = YES;
				INFOPLIST_KEY_UILaunchScreen_Generation = YES;
				INFOPLIST_KEY_UISupportedInterfaceOrientations_iPad = "UIInterfaceOrientationPortrait UIInterfaceOrientationPortraitUpsideDown UIInterfaceOrientationLandscapeLeft UIInterfaceOrientationLandscapeRight";
				INFOPLIST_KEY_UISupportedInterfaceOrientations_iPhone = "UIInterfaceOrientationPortrait UIInterfaceOrientationLandscapeLeft UIInterfaceOrientationLandscapeRight";
				IPHONEOS_DEPLOYMENT_TARGET = 17.0;
				LD_RUNPATH_SEARCH_PATHS = "@executable_path/Frameworks";
				MARKETING_VERSION = 1.1;
				PRODUCT_BUNDLE_IDENTIFIER = com.lexpost.ai;
				PRODUCT_NAME = "$(TARGET_NAME)";
				PROVISIONING_PROFILE_SPECIFIER = "";
				SDKROOT = iphoneos;
				SWIFT_EMIT_LOC_STRINGS = YES;
				SWIFT_VERSION = 5.0;
				TARGETED_DEVICE_FAMILY = "1,2";
			};
			name = Release;
		};
/* End XCBuildConfiguration section */

/* Begin XCConfigurationList section */
		AACFG0000 /* Build configuration list for PBXProject "LexPostAI" */ = {
			isa = XCConfigurationList;
			buildConfigurations = (
				AACFG0010 /* Debug */,
				AACFG0011 /* Release */,
			);
			defaultConfigurationIsVisible = 0;
			defaultConfigurationName = Release;
		};
		AACFG0001 /* Build configuration list for PBXNativeTarget "LexPostAI" */ = {
			isa = XCConfigurationList;
			buildConfigurations = (
				AACFG0020 /* Debug */,
				AACFG0021 /* Release */,
			);
			defaultConfigurationIsVisible = 0;
			defaultConfigurationName = Release;
		};
/* End XCConfigurationList section */
	};
	rootObject = AAPROJECT1 /* Project object */;
}
